
Microsoft Visual Studio Solution File, Format Version 12.00
# Visual Studio 15
VisualStudioVersion = 15.0.27130.2010
MinimumVisualStudioVersion = 10.0.40219.1
Project("{FAE04EC0-301F-11D3-BF4B-00C04F79EFBC}") = "UnityEditor.Extensions", "src\UnityEditor.Extensions\UnityEditor.Extensions.csproj", "{EB09E3EB-BE95-4AAC-8240-801AAC16462C}"
EndProject
Project("{FAE04EC0-301F-11D3-BF4B-00C04F79EFBC}") = "Unity.Extensions.Test", "tests\Unity.Extensions.Test\Unity.Extensions.Test.csproj", "{FFF59669-9513-4083-AF0B-9B3E934D927E}"
EndProject
Project("{2150E333-8FDC-42A3-9474-1A3956D46DE8}") = "Tests", "Tests", "{7AE3A702-D2BE-456E-84E9-66FEC20CB875}"
EndProject
Project("{2150E333-8FDC-42A3-9474-1A3956D46DE8}") = "Src", "Src", "{C83A490E-5A11-4CEF-80F8-F9F59C441F52}"
EndProject
Project("{FAE04EC0-301F-11D3-BF4B-00C04F79EFBC}") = "UnityEngine.Extensions", "src\UnityEngine.Extensions\UnityEngine.Extensions.csproj", "{6D1D7431-91B2-402A-9824-C0DF5802ADC8}"
EndProject
Global
	GlobalSection(SolutionConfigurationPlatforms) = preSolution
		Debug|Any CPU = Debug|Any CPU
		Release|Any CPU = Release|Any CPU
	EndGlobalSection
	GlobalSection(ProjectConfigurationPlatforms) = postSolution
		{EB09E3EB-BE95-4AAC-8240-801AAC16462C}.Debug|Any CPU.ActiveCfg = Debug|Any CPU
		{EB09E3EB-BE95-4AAC-8240-801AAC16462C}.Debug|Any CPU.Build.0 = Debug|Any CPU
		{EB09E3EB-BE95-4AAC-8240-801AAC16462C}.Release|Any CPU.ActiveCfg = Release|Any CPU
		{EB09E3EB-BE95-4AAC-8240-801AAC16462C}.Release|Any CPU.Build.0 = Release|Any CPU
		{FFF59669-9513-4083-AF0B-9B3E934D927E}.Debug|Any CPU.ActiveCfg = Debug|Any CPU
		{FFF59669-9513-4083-AF0B-9B3E934D927E}.Debug|Any CPU.Build.0 = Debug|Any CPU
		{FFF59669-9513-4083-AF0B-9B3E934D927E}.Release|Any CPU.ActiveCfg = Release|Any CPU
		{FFF59669-9513-4083-AF0B-9B3E934D927E}.Release|Any CPU.Build.0 = Release|Any CPU
		{6D1D7431-91B2-402A-9824-C0DF5802ADC8}.Debug|Any CPU.ActiveCfg = Debug|Any CPU
		{6D1D7431-91B2-402A-9824-C0DF5802ADC8}.Debug|Any CPU.Build.0 = Debug|Any CPU
		{6D1D7431-91B2-402A-9824-C0DF5802ADC8}.Release|Any CPU.ActiveCfg = Release|Any CPU
		{6D1D7431-91B2-402A-9824-C0DF5802ADC8}.Release|Any CPU.Build.0 = Release|Any CPU
	EndGlobalSection
	GlobalSection(SolutionProperties) = preSolution
		HideSolutionNode = FALSE
	EndGlobalSection
	GlobalSection(NestedProjects) = preSolution
		{EB09E3EB-BE95-4AAC-8240-801AAC16462C} = {C83A490E-5A11-4CEF-80F8-F9F59C441F52}
		{FFF59669-9513-4083-AF0B-9B3E934D927E} = {7AE3A702-D2BE-456E-84E9-66FEC20CB875}
		{6D1D7431-91B2-402A-9824-C0DF5802ADC8} = {C83A490E-5A11-4CEF-80F8-F9F59C441F52}
	EndGlobalSection
	GlobalSection(ExtensibilityGlobals) = postSolution
		SolutionGuid = {A973CB74-017F-445A-9AE3-F1DFE5B17687}
	EndGlobalSection
EndGlobal
